
Microsoft Visual Studio Solution File, Format Version 12.00
# Visual Studio 2012
Project("{FAE04EC0-301F-11D3-BF4B-00C04F79EFBC}") = "AL.Component.Data", "AL.Component.Data\AL.Component.Data.csproj", "{9BCB9BE6-602E-4664-8F48-B6904BC6C863}"
EndProject
Project("{FAE04EC0-301F-11D3-BF4B-00C04F79EFBC}") = "AL.Component.Tools", "AL.Component.Tools\AL.Component.Tools.csproj", "{22C7678A-E7A4-45ED-9C58-095F8CBE9EB8}"
EndProject
Project("{FAE04EC0-301F-11D3-BF4B-00C04F79EFBC}") = "AL.Core", "AL.Core\AL.Core.csproj", "{DEAFD0CB-5701-4085-BB10-057C5B7C0D53}"
EndProject
Project("{FAE04EC0-301F-11D3-BF4B-00C04F79EFBC}") = "AL.Core.Data", "AL.Core.Data\AL.Core.Data.csproj", "{0B7ACCF4-43F7-4A78-8F73-9159A9496418}"
EndProject
Project("{FAE04EC0-301F-11D3-BF4B-00C04F79EFBC}") = "AL.Core.Models", "AL.Core.Models\AL.Core.Models.csproj", "{C942DC0C-47FB-4115-AB2A-229B5B8FBA37}"
EndProject
Project("{FAE04EC0-301F-11D3-BF4B-00C04F79EFBC}") = "AL.Site.Controllers", "AL.Site.Controllers\AL.Site.Controllers.csproj", "{758D922D-688C-4CC0-BE22-F5A3FD8C0A8F}"
EndProject
Project("{2150E333-8FDC-42A3-9474-1A3956D46DE8}") = "1- Infrastructure", "1- Infrastructure", "{07A96940-87FE-40FC-B8EF-A559D3753597}"
EndProject
Project("{2150E333-8FDC-42A3-9474-1A3956D46DE8}") = "2- Core", "2- Core", "{23145B8D-C6BB-4DAF-A2D2-F8F60CA90B44}"
EndProject
Project("{2150E333-8FDC-42A3-9474-1A3956D46DE8}") = "3- Presentation", "3- Presentation", "{B3A6EFA3-E68A-4A7F-B648-B4078FE3F1E0}"
EndProject
Project("{FAE04EC0-301F-11D3-BF4B-00C04F79EFBC}") = "AL.Site.Web", "AL.Site.Web\AL.Site.Web.csproj", "{CE29CDA3-84CE-4502-8C07-5E58E1865175}"
EndProject
Project("{FAE04EC0-301F-11D3-BF4B-00C04F79EFBC}") = "AL.Backstage.Web", "AL.Backstage.Web\AL.Backstage.Web.csproj", "{58D1195D-F500-4055-8725-489CD71A760F}"
EndProject
Project("{FAE04EC0-301F-11D3-BF4B-00C04F79EFBC}") = "AL.Backstage.Controllers", "AL.Backstage.Controllers\AL.Backstage.Controllers.csproj", "{3ADA9D16-B4C3-4947-A63E-7A1829DA5148}"
EndProject
Global
	GlobalSection(SolutionConfigurationPlatforms) = preSolution
		Debug|Any CPU = Debug|Any CPU
		Release|Any CPU = Release|Any CPU
	EndGlobalSection
	GlobalSection(ProjectConfigurationPlatforms) = postSolution
		{9BCB9BE6-602E-4664-8F48-B6904BC6C863}.Debug|Any CPU.ActiveCfg = Debug|Any CPU
		{9BCB9BE6-602E-4664-8F48-B6904BC6C863}.Debug|Any CPU.Build.0 = Debug|Any CPU
		{9BCB9BE6-602E-4664-8F48-B6904BC6C863}.Release|Any CPU.ActiveCfg = Release|Any CPU
		{9BCB9BE6-602E-4664-8F48-B6904BC6C863}.Release|Any CPU.Build.0 = Release|Any CPU
		{22C7678A-E7A4-45ED-9C58-095F8CBE9EB8}.Debug|Any CPU.ActiveCfg = Debug|Any CPU
		{22C7678A-E7A4-45ED-9C58-095F8CBE9EB8}.Debug|Any CPU.Build.0 = Debug|Any CPU
		{22C7678A-E7A4-45ED-9C58-095F8CBE9EB8}.Release|Any CPU.ActiveCfg = Release|Any CPU
		{22C7678A-E7A4-45ED-9C58-095F8CBE9EB8}.Release|Any CPU.Build.0 = Release|Any CPU
		{DEAFD0CB-5701-4085-BB10-057C5B7C0D53}.Debug|Any CPU.ActiveCfg = Debug|Any CPU
		{DEAFD0CB-5701-4085-BB10-057C5B7C0D53}.Debug|Any CPU.Build.0 = Debug|Any CPU
		{DEAFD0CB-5701-4085-BB10-057C5B7C0D53}.Release|Any CPU.ActiveCfg = Release|Any CPU
		{DEAFD0CB-5701-4085-BB10-057C5B7C0D53}.Release|Any CPU.Build.0 = Release|Any CPU
		{0B7ACCF4-43F7-4A78-8F73-9159A9496418}.Debug|Any CPU.ActiveCfg = Debug|Any CPU
		{0B7ACCF4-43F7-4A78-8F73-9159A9496418}.Debug|Any CPU.Build.0 = Debug|Any CPU
		{0B7ACCF4-43F7-4A78-8F73-9159A9496418}.Release|Any CPU.ActiveCfg = Release|Any CPU
		{0B7ACCF4-43F7-4A78-8F73-9159A9496418}.Release|Any CPU.Build.0 = Release|Any CPU
		{C942DC0C-47FB-4115-AB2A-229B5B8FBA37}.Debug|Any CPU.ActiveCfg = Debug|Any CPU
		{C942DC0C-47FB-4115-AB2A-229B5B8FBA37}.Debug|Any CPU.Build.0 = Debug|Any CPU
		{C942DC0C-47FB-4115-AB2A-229B5B8FBA37}.Release|Any CPU.ActiveCfg = Release|Any CPU
		{C942DC0C-47FB-4115-AB2A-229B5B8FBA37}.Release|Any CPU.Build.0 = Release|Any CPU
		{758D922D-688C-4CC0-BE22-F5A3FD8C0A8F}.Debug|Any CPU.ActiveCfg = Debug|Any CPU
		{758D922D-688C-4CC0-BE22-F5A3FD8C0A8F}.Debug|Any CPU.Build.0 = Debug|Any CPU
		{758D922D-688C-4CC0-BE22-F5A3FD8C0A8F}.Release|Any CPU.ActiveCfg = Release|Any CPU
		{758D922D-688C-4CC0-BE22-F5A3FD8C0A8F}.Release|Any CPU.Build.0 = Release|Any CPU
		{CE29CDA3-84CE-4502-8C07-5E58E1865175}.Debug|Any CPU.ActiveCfg = Debug|Any CPU
		{CE29CDA3-84CE-4502-8C07-5E58E1865175}.Debug|Any CPU.Build.0 = Debug|Any CPU
		{CE29CDA3-84CE-4502-8C07-5E58E1865175}.Release|Any CPU.ActiveCfg = Release|Any CPU
		{CE29CDA3-84CE-4502-8C07-5E58E1865175}.Release|Any CPU.Build.0 = Release|Any CPU
		{58D1195D-F500-4055-8725-489CD71A760F}.Debug|Any CPU.ActiveCfg = Debug|Any CPU
		{58D1195D-F500-4055-8725-489CD71A760F}.Debug|Any CPU.Build.0 = Debug|Any CPU
		{58D1195D-F500-4055-8725-489CD71A760F}.Release|Any CPU.ActiveCfg = Release|Any CPU
		{58D1195D-F500-4055-8725-489CD71A760F}.Release|Any CPU.Build.0 = Release|Any CPU
		{3ADA9D16-B4C3-4947-A63E-7A1829DA5148}.Debug|Any CPU.ActiveCfg = Debug|Any CPU
		{3ADA9D16-B4C3-4947-A63E-7A1829DA5148}.Debug|Any CPU.Build.0 = Debug|Any CPU
		{3ADA9D16-B4C3-4947-A63E-7A1829DA5148}.Release|Any CPU.ActiveCfg = Release|Any CPU
		{3ADA9D16-B4C3-4947-A63E-7A1829DA5148}.Release|Any CPU.Build.0 = Release|Any CPU
	EndGlobalSection
	GlobalSection(SolutionProperties) = preSolution
		HideSolutionNode = FALSE
	EndGlobalSection
	GlobalSection(NestedProjects) = preSolution
		{22C7678A-E7A4-45ED-9C58-095F8CBE9EB8} = {07A96940-87FE-40FC-B8EF-A559D3753597}
		{9BCB9BE6-602E-4664-8F48-B6904BC6C863} = {07A96940-87FE-40FC-B8EF-A559D3753597}
		{0B7ACCF4-43F7-4A78-8F73-9159A9496418} = {23145B8D-C6BB-4DAF-A2D2-F8F60CA90B44}
		{C942DC0C-47FB-4115-AB2A-229B5B8FBA37} = {23145B8D-C6BB-4DAF-A2D2-F8F60CA90B44}
		{DEAFD0CB-5701-4085-BB10-057C5B7C0D53} = {23145B8D-C6BB-4DAF-A2D2-F8F60CA90B44}
		{758D922D-688C-4CC0-BE22-F5A3FD8C0A8F} = {B3A6EFA3-E68A-4A7F-B648-B4078FE3F1E0}
		{CE29CDA3-84CE-4502-8C07-5E58E1865175} = {B3A6EFA3-E68A-4A7F-B648-B4078FE3F1E0}
		{58D1195D-F500-4055-8725-489CD71A760F} = {B3A6EFA3-E68A-4A7F-B648-B4078FE3F1E0}
		{3ADA9D16-B4C3-4947-A63E-7A1829DA5148} = {B3A6EFA3-E68A-4A7F-B648-B4078FE3F1E0}
	EndGlobalSection
EndGlobal
